
Microsoft Visual Studio Solution File, Format Version 12.00
# Visual Studio Version 17
VisualStudioVersion = 17.11.35222.181
MinimumVisualStudioVersion = 10.0.40219.1
Project("{FAE04EC0-301F-11D3-BF4B-00C04F79EFBC}") = "prime_number", "prime_number\prime_number.csproj", "{F243591C-5F34-4D0E-832A-2B3C36FD07FA}"
EndProject
Global
	GlobalSection(SolutionConfigurationPlatforms) = preSolution
		Debug|Any CPU = Debug|Any CPU
		Release|Any CPU = Release|Any CPU
	EndGlobalSection
	GlobalSection(ProjectConfigurationPlatforms) = postSolution
		{F243591C-5F34-4D0E-832A-2B3C36FD07FA}.Debug|Any CPU.ActiveCfg = Debug|Any CPU
		{F243591C-5F34-4D0E-832A-2B3C36FD07FA}.Debug|Any CPU.Build.0 = Debug|Any CPU
		{F243591C-5F34-4D0E-832A-2B3C36FD07FA}.Release|Any CPU.ActiveCfg = Release|Any CPU
		{F243591C-5F34-4D0E-832A-2B3C36FD07FA}.Release|Any CPU.Build.0 = Release|Any CPU
	EndGlobalSection
	GlobalSection(SolutionProperties) = preSolution
		HideSolutionNode = FALSE
	EndGlobalSection
	GlobalSection(ExtensibilityGlobals) = postSolution
		SolutionGuid = {D4B512F3-D39D-4EE0-B135-8D813F80BD82}
	EndGlobalSection
EndGlobal
